
Microsoft Visual Studio Solution File, Format Version 12.00
# Visual Studio Version 17
VisualStudioVersion = 17.5.002.0
MinimumVisualStudioVersion = 10.0.40219.1
Project("{9A19103F-16F7-4668-BE54-9A1E7A4F7556}") = "NetConsoleOne", "NetConsoleOne.csproj", "{EFEE8FF5-8F95-4847-A7E6-5E120881B394}"
EndProject
Global
	GlobalSection(SolutionConfigurationPlatforms) = preSolution
		Debug|Any CPU = Debug|Any CPU
		Release|Any CPU = Release|Any CPU
	EndGlobalSection
	GlobalSection(ProjectConfigurationPlatforms) = postSolution
		{EFEE8FF5-8F95-4847-A7E6-5E120881B394}.Debug|Any CPU.ActiveCfg = Debug|Any CPU
		{EFEE8FF5-8F95-4847-A7E6-5E120881B394}.Debug|Any CPU.Build.0 = Debug|Any CPU
		{EFEE8FF5-8F95-4847-A7E6-5E120881B394}.Release|Any CPU.ActiveCfg = Release|Any CPU
		{EFEE8FF5-8F95-4847-A7E6-5E120881B394}.Release|Any CPU.Build.0 = Release|Any CPU
	EndGlobalSection
	GlobalSection(SolutionProperties) = preSolution
		HideSolutionNode = FALSE
	EndGlobalSection
	GlobalSection(ExtensibilityGlobals) = postSolution
		SolutionGuid = {7F87F73D-2FC5-4072-B176-17C75DC534CB}
	EndGlobalSection
EndGlobal
